dependencies:
- name: kube2iam
  repository: http://storage.googleapis.com/kubernetes-charts
  version: 0.10.0
- name: aws-alb-ingress-controller
  repository: http://storage.googleapis.com/kubernetes-charts-incubator
  version: 0.1.4
- name: nginx-ingress
  repository: http://storage.googleapis.com/kubernetes-charts
  version: 1.3.0
digest: sha256:5946d125710c95b719b9ab489115ea37bd66074575ad2280fd44cc01fa87c493
generated: 2019-02-07T11:37:47.973176-05:00
